
Microsoft Visual Studio Solution File, Format Version 12.00
# Visual Studio Version 16
VisualStudioVersion = 16.0.31229.75
MinimumVisualStudioVersion = 10.0.40219.1
Project("{FAE04EC0-301F-11D3-BF4B-00C04F79EFBC}") = "PatternSingleton", "PatternSingleton\PatternSingleton.csproj", "{1EE2D40B-C774-4215-97EF-A762865A4129}"
EndProject
Project("{FAE04EC0-301F-11D3-BF4B-00C04F79EFBC}") = "PatternSingletonLib", "PatternSingletonLib\PatternSingletonLib.csproj", "{70596737-EEB0-47D5-AA02-478057BF9550}"
EndProject
Global
	GlobalSection(SolutionConfigurationPlatforms) = preSolution
		Debug|Any CPU = Debug|Any CPU
		Release|Any CPU = Release|Any CPU
	EndGlobalSection
	GlobalSection(ProjectConfigurationPlatforms) = postSolution
		{1EE2D40B-C774-4215-97EF-A762865A4129}.Debug|Any CPU.ActiveCfg = Debug|Any CPU
		{1EE2D40B-C774-4215-97EF-A762865A4129}.Debug|Any CPU.Build.0 = Debug|Any CPU
		{1EE2D40B-C774-4215-97EF-A762865A4129}.Release|Any CPU.ActiveCfg = Release|Any CPU
		{1EE2D40B-C774-4215-97EF-A762865A4129}.Release|Any CPU.Build.0 = Release|Any CPU
		{70596737-EEB0-47D5-AA02-478057BF9550}.Debug|Any CPU.ActiveCfg = Debug|Any CPU
		{70596737-EEB0-47D5-AA02-478057BF9550}.Debug|Any CPU.Build.0 = Debug|Any CPU
		{70596737-EEB0-47D5-AA02-478057BF9550}.Release|Any CPU.ActiveCfg = Release|Any CPU
		{70596737-EEB0-47D5-AA02-478057BF9550}.Release|Any CPU.Build.0 = Release|Any CPU
	EndGlobalSection
	GlobalSection(SolutionProperties) = preSolution
		HideSolutionNode = FALSE
	EndGlobalSection
	GlobalSection(ExtensibilityGlobals) = postSolution
		SolutionGuid = {518F9E36-60B9-4F0B-9DB1-1D0EDA174A8C}
	EndGlobalSection
EndGlobal
